
Microsoft Visual Studio Solution File, Format Version 12.00
# Visual Studio Version 17
VisualStudioVersion = 17.7.34031.279
MinimumVisualStudioVersion = 10.0.40219.1
Project("{FAE04EC0-301F-11D3-BF4B-00C04F79EFBC}") = "API", "API\API.csproj", "{EFB7CC42-DCB2-4E0E-BF22-33A224500897}"
EndProject
Global
	GlobalSection(SolutionConfigurationPlatforms) = preSolution
		Debug|Any CPU = Debug|Any CPU
		Release|Any CPU = Release|Any CPU
	EndGlobalSection
	GlobalSection(ProjectConfigurationPlatforms) = postSolution
		{EFB7CC42-DCB2-4E0E-BF22-33A224500897}.Debug|Any CPU.ActiveCfg = Debug|Any CPU
		{EFB7CC42-DCB2-4E0E-BF22-33A224500897}.Debug|Any CPU.Build.0 = Debug|Any CPU
		{EFB7CC42-DCB2-4E0E-BF22-33A224500897}.Release|Any CPU.ActiveCfg = Release|Any CPU
		{EFB7CC42-DCB2-4E0E-BF22-33A224500897}.Release|Any CPU.Build.0 = Release|Any CPU
	EndGlobalSection
	GlobalSection(SolutionProperties) = preSolution
		HideSolutionNode = FALSE
	EndGlobalSection
	GlobalSection(ExtensibilityGlobals) = postSolution
		SolutionGuid = {20FF3B7E-4987-4084-AE89-B12FED72D34D}
	EndGlobalSection
EndGlobal
